# THIS IS AN AUTOGENERATED FILE. DO NOT EDIT THIS FILE DIRECTLY.
# yarn lockfile v1


"@uirouter/core@6.0.1":
  version "6.0.1"
  resolved "https://registry.yarnpkg.com/@uirouter/core/-/core-6.0.1.tgz#93b02a5d178a7ab7313f34b7b3f019a000d23396"
  integrity sha512-mHCutiHtDDRKYmrJ92XPKDoSb2bgqaDyUpHdF4hUE+riwgkCvGdBjL8u+VDTcV3slBAk6B0LBIOIajjWkkObbQ==

angular-animate@^1.7.9:
  version "1.7.9"
  resolved "https://registry.yarnpkg.com/angular-animate/-/angular-animate-1.7.9.tgz#a397f82434c1e7ed5b7a298fa70fc3de989a6785"
  integrity sha512-fV+AISy/HTzurQH2ngsJg+lLIvfu0ahc1h4AYKauaXVw97rZc2k4iUA1bMstiEyClsdayQX568kjQc1NK+oYhw==

angular-aria@^1.7.9:
  version "1.7.9"
  resolved "https://registry.yarnpkg.com/angular-aria/-/angular-aria-1.7.9.tgz#90c61895ffbd876e95915222b32a7bd0070af7e3"
  integrity sha512-luI3Jemd1AbOQW0krdzfEG3fM0IFtLY0bSSqIDEx3POE0XjKIC1MkrO8Csyq9PPgueLphyAPofzUwZ8YeZ88SA==

angular-material-data-table@^0.10.10:
  version "0.10.10"
  resolved "https://registry.yarnpkg.com/angular-material-data-table/-/angular-material-data-table-0.10.10.tgz#229b402745ec1a146f07da8d1e526be6540849ee"
  integrity sha1-IptAJ0XsGhRvB9qNHlJr5lQISe4=

angular-material-icons@^0.7.1:
  version "0.7.1"
  resolved "https://registry.yarnpkg.com/angular-material-icons/-/angular-material-icons-0.7.1.tgz#e5eab4853b61c331f58f9e7e6e54b6e1d65e4f9b"
  integrity sha1-5eq0hTthwzH1j55+blS24dZeT5s=
  dependencies:
    angular ">=1.3.0"

angular-material@^1.1.20:
  version "1.1.20"
  resolved "https://registry.yarnpkg.com/angular-material/-/angular-material-1.1.20.tgz#138def4a4f3982fddfa7788c9775e663f12cba85"
  integrity sha512-R2jILX9g7AVvEZbIMqEp8mkjlH/iSrDG150pCSzL7+6PHdi4dYuyXNRtYlpYKe+72Q4fIV4YBYSxepNob3hU9A==

angular-messages@^1.7.9:
  version "1.7.9"
  resolved "https://registry.yarnpkg.com/angular-messages/-/angular-messages-1.7.9.tgz#6403b7f56df4b17b62d88762ac5e6b1702347fd2"
  integrity sha512-OdJihuO6AW+m1/r9OdW5riCwacn3dL1agQvgu6Cww3a7OARXXN0vxOpsZCNk4yg4CuD7Et3tiz4DymhvZkydvw==

angular-minicolors@^0.0.11:
  version "0.0.11"
  resolved "https://registry.yarnpkg.com/angular-minicolors/-/angular-minicolors-0.0.11.tgz#274ef99658738302d9dace72f55a933b6815118f"
  integrity sha512-DszxeGrkJMR5lFLJV82qrM/r9WJkRPPVATk9koybUoStesjrNVvUb0P1pw9uTGfCZsdFC3vvzWSZ0nFIq1nnbw==

angular-route@^1.7.9:
  version "1.7.9"
  resolved "https://registry.yarnpkg.com/angular-route/-/angular-route-1.7.9.tgz#f9910a2af0ba3ad7a969c5dd369b8360d0d5e4ef"
  integrity sha512-vRoj5hzdQtWbODhWJqDzD1iNOEfCKshO6GFBuPVV7RHlPjzIc4R2dHCc7Qiv/8F3LDxJDohc6vSnTDMLHuaqeA==

angular-sanitize@^1.7.9:
  version "1.7.9"
  resolved "https://registry.yarnpkg.com/angular-sanitize/-/angular-sanitize-1.7.9.tgz#6b4d5e826abdabd352b13a7c65c8c74daf6a7b15"
  integrity sha512-nB/xe7JQWF9nLvhHommAICQ3eWrfRETo0EVGFESi952CDzDa+GAJ/2BFBNw44QqQPxj1Xua/uYKrbLsOGWZdbQ==

angular-simple-logger@^0.1.7, angular-simple-logger@~0.1.4:
  version "0.1.7"
  resolved "https://registry.yarnpkg.com/angular-simple-logger/-/angular-simple-logger-0.1.7.tgz#4ae48e5eac0973f577845918e56d4933cf66f041"
  integrity sha1-SuSOXqwJc/V3hFkY5W1JM89m8EE=
  dependencies:
    angular "^1.2"
    debug "^2.2.0"

angular-ui-bootstrap@^2.5.6:
  version "2.5.6"
  resolved "https://registry.yarnpkg.com/angular-ui-bootstrap/-/angular-ui-bootstrap-2.5.6.tgz#23937322ec641a6fbee16498cc32452aa199e7c5"
  integrity sha512-yzcHpPMLQl0232nDzm5P4iAFTFQ9dMw0QgFLuKYbDj9M0xJ62z0oudYD/Lvh1pWfRsukiytP4Xj6BHOSrSXP8A==

angular-ui-router@^1.0.23:
  version "1.0.23"
  resolved "https://registry.yarnpkg.com/angular-ui-router/-/angular-ui-router-1.0.23.tgz#c0af56dbe930faa5963cdcb133401e6744e1f9a8"
  integrity sha512-l1bzkqCtcP9CrhlFQ0vJ8pGAfwF/bxRedCO2yB3HCYdrDkf487/ZNSreYc2jR5t9rgF/6oM++ZplCcCFMxRoWg==
  dependencies:
    "@uirouter/core" "6.0.1"

angular@1.x, angular@>=1.3.0, angular@^1.2, angular@^1.7.9:
  version "1.7.9"
  resolved "https://registry.yarnpkg.com/angular/-/angular-1.7.9.tgz#e52616e8701c17724c3c238cfe4f9446fd570bc4"
  integrity sha512-5se7ZpcOtu0MBFlzGv5dsM1quQDoDeUTwZrWjGtTNA7O88cD8TEk5IEKCTDa3uECV9XnvKREVUr7du1ACiWGFQ==

bootstrap@^4.4.1:
  version "4.4.1"
  resolved "https://registry.yarnpkg.com/bootstrap/-/bootstrap-4.4.1.tgz#8582960eea0c5cd2bede84d8b0baf3789c3e8b01"
  integrity sha512-tbx5cHubwE6e2ZG7nqM3g/FZ5PQEDMWmMGNrCUBVRPHXTJaH7CBDdsLeu3eCh3B1tzAxTnAbtmrzvWEvT2NNEA==

debug@^2.2.0:
  version "2.6.9"
  resolved "https://registry.yarnpkg.com/debug/-/debug-2.6.9.tgz#5d128515df134ff327e90a4c93f4e077a536341f"
  integrity sha512-bC7ElrdJaJnPbAP+1EotYvqZsb3ecl5wi6Bfi6BJTUcNowp6cvspg0jXznRTKDjm/E7AdgFBVeAPVMNcKGsHMA==
  dependencies:
    ms "2.0.0"

jquery@^3.4.1:
  version "3.4.1"
  resolved "https://registry.yarnpkg.com/jquery/-/jquery-3.4.1.tgz#714f1f8d9dde4bdfa55764ba37ef214630d80ef2"
  integrity sha512-36+AdBzCL+y6qjw5Tx7HgzeGCzC81MDDgaUP8ld2zhx58HdqXGoBd+tHdrBMiyjGQs0Hxs/MLZTu/eHNJJuWPw==

leaflet@0.7.x:
  version "0.7.7"
  resolved "https://registry.yarnpkg.com/leaflet/-/leaflet-0.7.7.tgz#1e352ba54e63d076451fa363c900890cb2cf75ee"
  integrity sha1-HjUrpU5j0HZFH6NjyQCJDLLPde4=

leaflet@^1.6.0:
  version "1.6.0"
  resolved "https://registry.yarnpkg.com/leaflet/-/leaflet-1.6.0.tgz#aecbb044b949ec29469eeb31c77a88e2f448f308"
  integrity sha512-CPkhyqWUKZKFJ6K8umN5/D2wrJ2+/8UIpXppY7QDnUZW5bZL5+SEI2J7GBpwh4LIupOKqbNSQXgqmrEJopHVNQ==

moment@^2.29.4:
  version "2.29.4"
  resolved "https://registry.yarnpkg.com/moment/-/moment-2.29.4.tgz#3dbe052889fe7c1b2ed966fcb3a77328964ef108"
  integrity sha512-5LC9SOxjSc2HF6vO2CyuTDNivEdoz2IvyJJGj6X8DJ0eFyfszE0QiEd+iXmBvUP3WHxSjFH/vIsA0EN00cgr8w==

ms@2.0.0:
  version "2.0.0"
  resolved "https://registry.yarnpkg.com/ms/-/ms-2.0.0.tgz#5608aeadfc00be6c2901df5f9861788de0d597c8"
  integrity sha1-VgiurfwAvmwpAd9fmGF4jeDVl8g=

ui-leaflet@^1.0.3:
  version "1.0.3"
  resolved "https://registry.yarnpkg.com/ui-leaflet/-/ui-leaflet-1.0.3.tgz#bea43c6ac0eb8c468483cf72c5cefc34c7a37cf3"
  integrity sha1-vqQ8asDrjEaEg89yxc78NMejfPM=
  dependencies:
    angular "1.x"
    angular-simple-logger "~0.1.4"
    leaflet "0.7.x"
